
Microsoft Visual Studio Solution File, Format Version 12.00
# Visual Studio Version 17
VisualStudioVersion = 17.5.33424.131
MinimumVisualStudioVersion = 10.0.40219.1
Project("{FAE04EC0-301F-11D3-BF4B-00C04F79EFBC}") = "Strategy_Pattern_Implementation", "Strategy_Pattern_Implementation\Strategy_Pattern_Implementation.csproj", "{45E8D7D7-61FB-4D8C-B4FD-C33217A5064C}"
EndProject
Global
	GlobalSection(SolutionConfigurationPlatforms) = preSolution
		Debug|Any CPU = Debug|Any CPU
		Release|Any CPU = Release|Any CPU
	EndGlobalSection
	GlobalSection(ProjectConfigurationPlatforms) = postSolution
		{45E8D7D7-61FB-4D8C-B4FD-C33217A5064C}.Debug|Any CPU.ActiveCfg = Debug|Any CPU
		{45E8D7D7-61FB-4D8C-B4FD-C33217A5064C}.Debug|Any CPU.Build.0 = Debug|Any CPU
		{45E8D7D7-61FB-4D8C-B4FD-C33217A5064C}.Release|Any CPU.ActiveCfg = Release|Any CPU
		{45E8D7D7-61FB-4D8C-B4FD-C33217A5064C}.Release|Any CPU.Build.0 = Release|Any CPU
	EndGlobalSection
	GlobalSection(SolutionProperties) = preSolution
		HideSolutionNode = FALSE
	EndGlobalSection
	GlobalSection(ExtensibilityGlobals) = postSolution
		SolutionGuid = {5792649E-577E-4D0E-9EF8-99FCC3BEC3B4}
	EndGlobalSection
EndGlobal
